
Microsoft Visual Studio Solution File, Format Version 12.00
# Visual Studio 15
VisualStudioVersion = 15.0.27130.2010
MinimumVisualStudioVersion = 10.0.40219.1
Project("{2150E333-8FDC-42A3-9474-1A3956D46DE8}") = "Solution Items", "Solution Items", "{58A98FE6-C7EE-4C8F-B9F3-591294C22B40}"
	ProjectSection(SolutionItems) = preProject
		appveyor.yml = appveyor.yml
		LICENSE = LICENSE
		README.md = README.md
	EndProjectSection
	ProjectSection(FolderGlobals) = preProject
		__JSONSchema = http://json-schema.org/draft-04/schema
	EndProjectSection
EndProject
Project("{2150E333-8FDC-42A3-9474-1A3956D46DE8}") = "src", "src", "{F2E82D66-1A6D-449F-9924-9897521D74FA}"
EndProject
Project("{2150E333-8FDC-42A3-9474-1A3956D46DE8}") = "tests", "tests", "{44B5361F-68D4-492F-809A-C45EDFB9A464}"
EndProject
Project("{E24C65DC-7377-472B-9ABA-BC803B73C61A}") = "docs", "docs\", "{9744FE0F-C99C-49A9-BFF3-77B5CCE91D83}"
	ProjectSection(WebsiteProperties) = preProject
		TargetFrameworkMoniker = ".NETFramework,Version%3Dv4.0"
		Debug.AspNetCompiler.VirtualPath = "/localhost_2156"
		Debug.AspNetCompiler.PhysicalPath = "docs\"
		Debug.AspNetCompiler.TargetPath = "PrecompiledWeb\localhost_2156\"
		Debug.AspNetCompiler.Updateable = "true"
		Debug.AspNetCompiler.ForceOverwrite = "true"
		Debug.AspNetCompiler.FixedNames = "false"
		Debug.AspNetCompiler.Debug = "True"
		Release.AspNetCompiler.VirtualPath = "/localhost_2156"
		Release.AspNetCompiler.PhysicalPath = "docs\"
		Release.AspNetCompiler.TargetPath = "PrecompiledWeb\localhost_2156\"
		Release.AspNetCompiler.Updateable = "true"
		Release.AspNetCompiler.ForceOverwrite = "true"
		Release.AspNetCompiler.FixedNames = "false"
		Release.AspNetCompiler.Debug = "False"
		VWDPort = "2156"
		SlnRelativePath = "docs\"
	EndProjectSection
EndProject
Project("{E24C65DC-7377-472B-9ABA-BC803B73C61A}") = "plans", "src\plans\", "{714D70C6-2273-4A29-A7DA-A9BE58959939}"
	ProjectSection(WebsiteProperties) = preProject
		TargetFrameworkMoniker = ".NETFramework,Version%3Dv4.6.1"
		Debug.AspNetCompiler.VirtualPath = "/localhost_6535"
		Debug.AspNetCompiler.PhysicalPath = "src\plans\"
		Debug.AspNetCompiler.TargetPath = "PrecompiledWeb\localhost_6535\"
		Debug.AspNetCompiler.Updateable = "true"
		Debug.AspNetCompiler.ForceOverwrite = "true"
		Debug.AspNetCompiler.FixedNames = "false"
		Debug.AspNetCompiler.Debug = "True"
		Release.AspNetCompiler.VirtualPath = "/localhost_6535"
		Release.AspNetCompiler.PhysicalPath = "src\plans\"
		Release.AspNetCompiler.TargetPath = "PrecompiledWeb\localhost_6535\"
		Release.AspNetCompiler.Updateable = "true"
		Release.AspNetCompiler.ForceOverwrite = "true"
		Release.AspNetCompiler.FixedNames = "false"
		Release.AspNetCompiler.Debug = "False"
		VWDPort = "6535"
		SlnRelativePath = "src\plans\"
		DefaultWebSiteLanguage = "Visual C#"
	EndProjectSection
EndProject
Project("{9A19103F-16F7-4668-BE54-9A1E7A4F7556}") = "CAESAR.Chess", "src\CAESAR.Chess\CAESAR.Chess.csproj", "{0C5E497F-5DBA-470E-81C2-6BF3B995AA27}"
EndProject
Project("{9A19103F-16F7-4668-BE54-9A1E7A4F7556}") = "CAESAR.Chess.Tests", "tests\CAESAR.Chess.Tests\CAESAR.Chess.Tests.csproj", "{FB0541F3-16AC-4F05-A205-873D58DF87BC}"
EndProject
Project("{9A19103F-16F7-4668-BE54-9A1E7A4F7556}") = "CAESAR.ConsoleApp", "src\CAESAR.ConsoleApp\CAESAR.ConsoleApp.csproj", "{5310BB34-E0B5-406E-81F1-7B1BFC28DB37}"
EndProject
Global
	GlobalSection(SolutionConfigurationPlatforms) = preSolution
		Debug|Any CPU = Debug|Any CPU
		Release|Any CPU = Release|Any CPU
	EndGlobalSection
	GlobalSection(ProjectConfigurationPlatforms) = postSolution
		{9744FE0F-C99C-49A9-BFF3-77B5CCE91D83}.Debug|Any CPU.ActiveCfg = Debug|Any CPU
		{9744FE0F-C99C-49A9-BFF3-77B5CCE91D83}.Debug|Any CPU.Build.0 = Debug|Any CPU
		{9744FE0F-C99C-49A9-BFF3-77B5CCE91D83}.Release|Any CPU.ActiveCfg = Debug|Any CPU
		{9744FE0F-C99C-49A9-BFF3-77B5CCE91D83}.Release|Any CPU.Build.0 = Debug|Any CPU
		{714D70C6-2273-4A29-A7DA-A9BE58959939}.Debug|Any CPU.ActiveCfg = Debug|Any CPU
		{714D70C6-2273-4A29-A7DA-A9BE58959939}.Debug|Any CPU.Build.0 = Debug|Any CPU
		{714D70C6-2273-4A29-A7DA-A9BE58959939}.Release|Any CPU.ActiveCfg = Debug|Any CPU
		{714D70C6-2273-4A29-A7DA-A9BE58959939}.Release|Any CPU.Build.0 = Debug|Any CPU
		{0C5E497F-5DBA-470E-81C2-6BF3B995AA27}.Debug|Any CPU.ActiveCfg = Debug|Any CPU
		{0C5E497F-5DBA-470E-81C2-6BF3B995AA27}.Debug|Any CPU.Build.0 = Debug|Any CPU
		{0C5E497F-5DBA-470E-81C2-6BF3B995AA27}.Release|Any CPU.ActiveCfg = Debug|Any CPU
		{0C5E497F-5DBA-470E-81C2-6BF3B995AA27}.Release|Any CPU.Build.0 = Debug|Any CPU
		{FB0541F3-16AC-4F05-A205-873D58DF87BC}.Debug|Any CPU.ActiveCfg = Debug|Any CPU
		{FB0541F3-16AC-4F05-A205-873D58DF87BC}.Debug|Any CPU.Build.0 = Debug|Any CPU
		{FB0541F3-16AC-4F05-A205-873D58DF87BC}.Release|Any CPU.ActiveCfg = Release|Any CPU
		{FB0541F3-16AC-4F05-A205-873D58DF87BC}.Release|Any CPU.Build.0 = Release|Any CPU
		{5310BB34-E0B5-406E-81F1-7B1BFC28DB37}.Debug|Any CPU.ActiveCfg = Debug|Any CPU
		{5310BB34-E0B5-406E-81F1-7B1BFC28DB37}.Debug|Any CPU.Build.0 = Debug|Any CPU
		{5310BB34-E0B5-406E-81F1-7B1BFC28DB37}.Release|Any CPU.ActiveCfg = Release|Any CPU
		{5310BB34-E0B5-406E-81F1-7B1BFC28DB37}.Release|Any CPU.Build.0 = Release|Any CPU
	EndGlobalSection
	GlobalSection(SolutionProperties) = preSolution
		HideSolutionNode = FALSE
	EndGlobalSection
	GlobalSection(NestedProjects) = preSolution
		{714D70C6-2273-4A29-A7DA-A9BE58959939} = {F2E82D66-1A6D-449F-9924-9897521D74FA}
		{0C5E497F-5DBA-470E-81C2-6BF3B995AA27} = {F2E82D66-1A6D-449F-9924-9897521D74FA}
		{FB0541F3-16AC-4F05-A205-873D58DF87BC} = {44B5361F-68D4-492F-809A-C45EDFB9A464}
		{5310BB34-E0B5-406E-81F1-7B1BFC28DB37} = {F2E82D66-1A6D-449F-9924-9897521D74FA}
	EndGlobalSection
	GlobalSection(ExtensibilityGlobals) = postSolution
		SolutionGuid = {8F1C7EB7-47B9-4528-9992-153866CE9319}
	EndGlobalSection
	GlobalSection(CodealikeProperties) = postSolution
		SolutionGuid = 8d40768a-fa4e-4b50-8d36-8fdf0bf731d7
	EndGlobalSection
EndGlobal
