
Microsoft Visual Studio Solution File, Format Version 12.00
# Visual Studio 14
VisualStudioVersion = 14.0.24720.0
MinimumVisualStudioVersion = 10.0.40219.1
Project("{2150E333-8FDC-42A3-9474-1A3956D46DE8}") = "docs", "docs", "{AA819664-250B-48E9-8592-21F8A3CA4AE3}"
	ProjectSection(SolutionItems) = preProject
		docs\01 - What is a Chess Engine.md = docs\01 - What is a Chess Engine.md
		docs\02 - Building a Chess Engine - A Primer.md = docs\02 - Building a Chess Engine - A Primer.md
		docs\03 - The Chess Board.md = docs\03 - The Chess Board.md
		docs\04 - Testing The Board.md = docs\04 - Testing The Board.md
		docs\05 - A SOLID Look at the Board.md = docs\05 - A SOLID Look at the Board.md
		docs\06 - Fixing the Board.md = docs\06 - Fixing the Board.md
		docs\07 - The Chess Pieces.md = docs\07 - The Chess Pieces.md
		docs\readme.md = docs\readme.md
	EndProjectSection
EndProject
Project("{2150E333-8FDC-42A3-9474-1A3956D46DE8}") = "pending", "pending", "{E9C8724E-EE62-48A7-B69C-97DC83A9E7BF}"
EndProject
Project("{2150E333-8FDC-42A3-9474-1A3956D46DE8}") = "media", "media", "{20374D28-C351-4410-BA56-722F4E6928A4}"
	ProjectSection(SolutionItems) = preProject
		docs\media\broad-initial-process.png = docs\media\broad-initial-process.png
		docs\media\chess-board.png = docs\media\chess-board.png
		docs\media\g2-square.png = docs\media\g2-square.png
		docs\media\software-development-cycle.png = docs\media\software-development-cycle.png
		docs\media\starting-position.png = docs\media\starting-position.png
	EndProjectSection
EndProject
Project("{8BB2217D-0F2D-49D1-97BC-3654ED321F3B}") = "CAESAR.ConsoleApp", "src\CAESAR.ConsoleApp\CAESAR.ConsoleApp.xproj", "{D49E4D70-0517-4064-8A58-63730730CBE2}"
EndProject
Project("{8BB2217D-0F2D-49D1-97BC-3654ED321F3B}") = "CAESAR.Chess", "src\CAESAR.Chess\CAESAR.Chess.xproj", "{5612D407-301E-4EA7-852B-16321159ECFD}"
EndProject
Project("{8BB2217D-0F2D-49D1-97BC-3654ED321F3B}") = "CAESAR.Chess.Tests", "tests\CAESAR.Chess.Tests\CAESAR.Chess.Tests.xproj", "{DADEE861-AE38-44AE-821D-82E8099CFD81}"
EndProject
Project("{2150E333-8FDC-42A3-9474-1A3956D46DE8}") = "pieces", "pieces", "{9FD4E8F7-C335-4E9E-A1D5-5B5421D1A1AD}"
	ProjectSection(SolutionItems) = preProject
		docs\media\pieces\bishop-black.png = docs\media\pieces\bishop-black.png
		docs\media\pieces\bishop-white.png = docs\media\pieces\bishop-white.png
		docs\media\pieces\chess-pieces-all.png = docs\media\pieces\chess-pieces-all.png
		docs\media\pieces\king-black.png = docs\media\pieces\king-black.png
		docs\media\pieces\king-white.png = docs\media\pieces\king-white.png
		docs\media\pieces\knight-black.png = docs\media\pieces\knight-black.png
		docs\media\pieces\knight-white.png = docs\media\pieces\knight-white.png
		docs\media\pieces\pawn-black.png = docs\media\pieces\pawn-black.png
		docs\media\pieces\pawn-white.png = docs\media\pieces\pawn-white.png
		docs\media\pieces\queen-black.png = docs\media\pieces\queen-black.png
		docs\media\pieces\queen-white.png = docs\media\pieces\queen-white.png
		docs\media\pieces\rook-black.png = docs\media\pieces\rook-black.png
		docs\media\pieces\rook-white.png = docs\media\pieces\rook-white.png
	EndProjectSection
EndProject
Project("{2150E333-8FDC-42A3-9474-1A3956D46DE8}") = "moves", "moves", "{7FA5F847-6571-44B8-8CC4-37D6E9BB1150}"
	ProjectSection(SolutionItems) = preProject
		docs\media\moves\bishop-possible-moves.png = docs\media\moves\bishop-possible-moves.png
		docs\media\moves\king-possible-moves.png = docs\media\moves\king-possible-moves.png
		docs\media\moves\knight-possible-moves.png = docs\media\moves\knight-possible-moves.png
		docs\media\moves\pawn-possible-moves.png = docs\media\moves\pawn-possible-moves.png
		docs\media\moves\queen-possible-moves.png = docs\media\moves\queen-possible-moves.png
		docs\media\moves\rook-possible-moves.png = docs\media\moves\rook-possible-moves.png
	EndProjectSection
EndProject
Project("{2150E333-8FDC-42A3-9474-1A3956D46DE8}") = "Solution Items", "Solution Items", "{58A98FE6-C7EE-4C8F-B9F3-591294C22B40}"
	ProjectSection(SolutionItems) = preProject
		appveyor.yml = appveyor.yml
		global.json = global.json
		LICENSE = LICENSE
		README.md = README.md
	EndProjectSection
	ProjectSection(FolderGlobals) = preProject
		__JSONSchema = http://json-schema.org/draft-04/schema
	EndProjectSection
EndProject
Project("{2150E333-8FDC-42A3-9474-1A3956D46DE8}") = "src", "src", "{F2E82D66-1A6D-449F-9924-9897521D74FA}"
EndProject
Project("{2150E333-8FDC-42A3-9474-1A3956D46DE8}") = "tests", "tests", "{44B5361F-68D4-492F-809A-C45EDFB9A464}"
EndProject
Project("{2150E333-8FDC-42A3-9474-1A3956D46DE8}") = "tools", "tools", "{931182D8-753F-498F-94BE-2B13A18C15A9}"
EndProject
Project("{2150E333-8FDC-42A3-9474-1A3956D46DE8}") = "opencover", "opencover", "{D6B1D325-5663-415D-BA7E-961A6E5A1AB7}"
	ProjectSection(SolutionItems) = preProject
		tools\opencover\Autofac.Configuration.dll = tools\opencover\Autofac.Configuration.dll
		tools\opencover\Autofac.dll = tools\opencover\Autofac.dll
		tools\opencover\CrashReporter.NET.dll = tools\opencover\CrashReporter.NET.dll
		tools\opencover\Gendarme.Framework.dll = tools\opencover\Gendarme.Framework.dll
		tools\opencover\Gendarme.Rules.Maintainability.dll = tools\opencover\Gendarme.Rules.Maintainability.dll
		tools\opencover\log4net.config = tools\opencover\log4net.config
		tools\opencover\log4net.dll = tools\opencover\log4net.dll
		tools\opencover\Mono.Cecil.dll = tools\opencover\Mono.Cecil.dll
		tools\opencover\Mono.Cecil.Mdb.dll = tools\opencover\Mono.Cecil.Mdb.dll
		tools\opencover\Mono.Cecil.Pdb.dll = tools\opencover\Mono.Cecil.Pdb.dll
		tools\opencover\OpenCover.Console.exe = tools\opencover\OpenCover.Console.exe
		tools\opencover\OpenCover.Console.exe.config = tools\opencover\OpenCover.Console.exe.config
		tools\opencover\OpenCover.Console.pdb = tools\opencover\OpenCover.Console.pdb
		tools\opencover\OpenCover.Extensions.dll = tools\opencover\OpenCover.Extensions.dll
		tools\opencover\OpenCover.Extensions.pdb = tools\opencover\OpenCover.Extensions.pdb
		tools\opencover\OpenCover.Framework.dll = tools\opencover\OpenCover.Framework.dll
		tools\opencover\OpenCover.Framework.pdb = tools\opencover\OpenCover.Framework.pdb
	EndProjectSection
EndProject
Project("{2150E333-8FDC-42A3-9474-1A3956D46DE8}") = "reportgenerator", "reportgenerator", "{D979A580-6ADE-4A87-82FF-42A84CA52911}"
	ProjectSection(SolutionItems) = preProject
		tools\reportgenerator\ICSharpCode.NRefactory.CSharp.dll = tools\reportgenerator\ICSharpCode.NRefactory.CSharp.dll
		tools\reportgenerator\ICSharpCode.NRefactory.dll = tools\reportgenerator\ICSharpCode.NRefactory.dll
		tools\reportgenerator\ReportGenerator.exe = tools\reportgenerator\ReportGenerator.exe
		tools\reportgenerator\ReportGenerator.Reporting.dll = tools\reportgenerator\ReportGenerator.Reporting.dll
		tools\reportgenerator\ReportGenerator.Reporting.XML = tools\reportgenerator\ReportGenerator.Reporting.XML
		tools\reportgenerator\ReportGenerator.XML = tools\reportgenerator\ReportGenerator.XML
	EndProjectSection
EndProject
Project("{2150E333-8FDC-42A3-9474-1A3956D46DE8}") = "x86", "x86", "{12A3EA68-5A2C-4B6B-809C-2D1166F44E86}"
	ProjectSection(SolutionItems) = preProject
		tools\opencover\x86\OpenCover.Profiler.dll = tools\opencover\x86\OpenCover.Profiler.dll
	EndProjectSection
EndProject
Project("{2150E333-8FDC-42A3-9474-1A3956D46DE8}") = "x64", "x64", "{1E60E00E-4F9B-4147-9913-0F8017A5C671}"
	ProjectSection(SolutionItems) = preProject
		tools\opencover\x64\OpenCover.Profiler.dll = tools\opencover\x64\OpenCover.Profiler.dll
	EndProjectSection
EndProject
Global
	GlobalSection(SolutionConfigurationPlatforms) = preSolution
		Debug|Any CPU = Debug|Any CPU
		Release|Any CPU = Release|Any CPU
	EndGlobalSection
	GlobalSection(ProjectConfigurationPlatforms) = postSolution
		{D49E4D70-0517-4064-8A58-63730730CBE2}.Debug|Any CPU.ActiveCfg = Debug|Any CPU
		{D49E4D70-0517-4064-8A58-63730730CBE2}.Debug|Any CPU.Build.0 = Debug|Any CPU
		{D49E4D70-0517-4064-8A58-63730730CBE2}.Release|Any CPU.ActiveCfg = Release|Any CPU
		{D49E4D70-0517-4064-8A58-63730730CBE2}.Release|Any CPU.Build.0 = Release|Any CPU
		{5612D407-301E-4EA7-852B-16321159ECFD}.Debug|Any CPU.ActiveCfg = Debug|Any CPU
		{5612D407-301E-4EA7-852B-16321159ECFD}.Debug|Any CPU.Build.0 = Debug|Any CPU
		{5612D407-301E-4EA7-852B-16321159ECFD}.Release|Any CPU.ActiveCfg = Release|Any CPU
		{5612D407-301E-4EA7-852B-16321159ECFD}.Release|Any CPU.Build.0 = Release|Any CPU
		{DADEE861-AE38-44AE-821D-82E8099CFD81}.Debug|Any CPU.ActiveCfg = Debug|Any CPU
		{DADEE861-AE38-44AE-821D-82E8099CFD81}.Debug|Any CPU.Build.0 = Debug|Any CPU
		{DADEE861-AE38-44AE-821D-82E8099CFD81}.Release|Any CPU.ActiveCfg = Release|Any CPU
		{DADEE861-AE38-44AE-821D-82E8099CFD81}.Release|Any CPU.Build.0 = Release|Any CPU
	EndGlobalSection
	GlobalSection(SolutionProperties) = preSolution
		HideSolutionNode = FALSE
	EndGlobalSection
	GlobalSection(NestedProjects) = preSolution
		{E9C8724E-EE62-48A7-B69C-97DC83A9E7BF} = {AA819664-250B-48E9-8592-21F8A3CA4AE3}
		{20374D28-C351-4410-BA56-722F4E6928A4} = {AA819664-250B-48E9-8592-21F8A3CA4AE3}
		{D49E4D70-0517-4064-8A58-63730730CBE2} = {F2E82D66-1A6D-449F-9924-9897521D74FA}
		{5612D407-301E-4EA7-852B-16321159ECFD} = {F2E82D66-1A6D-449F-9924-9897521D74FA}
		{DADEE861-AE38-44AE-821D-82E8099CFD81} = {44B5361F-68D4-492F-809A-C45EDFB9A464}
		{9FD4E8F7-C335-4E9E-A1D5-5B5421D1A1AD} = {20374D28-C351-4410-BA56-722F4E6928A4}
		{7FA5F847-6571-44B8-8CC4-37D6E9BB1150} = {20374D28-C351-4410-BA56-722F4E6928A4}
		{D6B1D325-5663-415D-BA7E-961A6E5A1AB7} = {931182D8-753F-498F-94BE-2B13A18C15A9}
		{D979A580-6ADE-4A87-82FF-42A84CA52911} = {931182D8-753F-498F-94BE-2B13A18C15A9}
		{12A3EA68-5A2C-4B6B-809C-2D1166F44E86} = {D6B1D325-5663-415D-BA7E-961A6E5A1AB7}
		{1E60E00E-4F9B-4147-9913-0F8017A5C671} = {D6B1D325-5663-415D-BA7E-961A6E5A1AB7}
	EndGlobalSection
	GlobalSection(CodealikeProperties) = postSolution
		SolutionGuid = 8d40768a-fa4e-4b50-8d36-8fdf0bf731d7
	EndGlobalSection
EndGlobal
