
Microsoft Visual Studio Solution File, Format Version 12.00
# Visual Studio 14
VisualStudioVersion = 14.0.24720.0
MinimumVisualStudioVersion = 10.0.40219.1
Project("{2150E333-8FDC-42A3-9474-1A3956D46DE8}") = "Root", "Root", "{42BD7E9C-26F0-465D-AF6E-162560FC95C3}"
	ProjectSection(SolutionItems) = preProject
		..\README.md = ..\README.md
	EndProjectSection
EndProject
Project("{2150E333-8FDC-42A3-9474-1A3956D46DE8}") = "Docs", "Docs", "{AA819664-250B-48E9-8592-21F8A3CA4AE3}"
	ProjectSection(SolutionItems) = preProject
		..\docs\01 - What is a Chess Engine.md = ..\docs\01 - What is a Chess Engine.md
		..\docs\02 - Building a Chess Engine - A Primer.md = ..\docs\02 - Building a Chess Engine - A Primer.md
		..\docs\03 - The Chess Board.md = ..\docs\03 - The Chess Board.md
		..\docs\04 - Testing The Board.md = ..\docs\04 - Testing The Board.md
		..\docs\05 - A SOLID Look at the Board.md = ..\docs\05 - A SOLID Look at the Board.md
		..\docs\readme.md = ..\docs\readme.md
	EndProjectSection
EndProject
Project("{2150E333-8FDC-42A3-9474-1A3956D46DE8}") = "Pending", "Pending", "{E9C8724E-EE62-48A7-B69C-97DC83A9E7BF}"
	ProjectSection(SolutionItems) = preProject
		..\docs\pending\06 - Fixing the Board.md = ..\docs\pending\06 - Fixing the Board.md
		..\docs\pending\07 - The Chess Pieces.md = ..\docs\pending\07 - The Chess Pieces.md
	EndProjectSection
EndProject
Project("{2150E333-8FDC-42A3-9474-1A3956D46DE8}") = "Media", "Media", "{20374D28-C351-4410-BA56-722F4E6928A4}"
	ProjectSection(SolutionItems) = preProject
		..\docs\media\broad-initial-process.png = ..\docs\media\broad-initial-process.png
		..\docs\media\chess-board.png = ..\docs\media\chess-board.png
		..\docs\media\g2-square.png = ..\docs\media\g2-square.png
		..\docs\media\software-development-cycle.png = ..\docs\media\software-development-cycle.png
		..\docs\media\starting-position.png = ..\docs\media\starting-position.png
	EndProjectSection
EndProject
Project("{8BB2217D-0F2D-49D1-97BC-3654ED321F3B}") = "CAESAR.ConsoleApp", "CAESAR.ConsoleApp\CAESAR.ConsoleApp.xproj", "{D49E4D70-0517-4064-8A58-63730730CBE2}"
EndProject
Project("{8BB2217D-0F2D-49D1-97BC-3654ED321F3B}") = "CAESAR.Chess", "CAESAR.Chess\CAESAR.Chess.xproj", "{5612D407-301E-4EA7-852B-16321159ECFD}"
EndProject
Project("{8BB2217D-0F2D-49D1-97BC-3654ED321F3B}") = "CAESAR.Chess.Tests", "CAESAR.Chess.Tests\CAESAR.Chess.Tests.xproj", "{DADEE861-AE38-44AE-821D-82E8099CFD81}"
EndProject
Global
	GlobalSection(SolutionConfigurationPlatforms) = preSolution
		Debug|Any CPU = Debug|Any CPU
		Release|Any CPU = Release|Any CPU
	EndGlobalSection
	GlobalSection(ProjectConfigurationPlatforms) = postSolution
		{D49E4D70-0517-4064-8A58-63730730CBE2}.Debug|Any CPU.ActiveCfg = Debug|Any CPU
		{D49E4D70-0517-4064-8A58-63730730CBE2}.Debug|Any CPU.Build.0 = Debug|Any CPU
		{D49E4D70-0517-4064-8A58-63730730CBE2}.Release|Any CPU.ActiveCfg = Release|Any CPU
		{D49E4D70-0517-4064-8A58-63730730CBE2}.Release|Any CPU.Build.0 = Release|Any CPU
		{5612D407-301E-4EA7-852B-16321159ECFD}.Debug|Any CPU.ActiveCfg = Debug|Any CPU
		{5612D407-301E-4EA7-852B-16321159ECFD}.Debug|Any CPU.Build.0 = Debug|Any CPU
		{5612D407-301E-4EA7-852B-16321159ECFD}.Release|Any CPU.ActiveCfg = Release|Any CPU
		{5612D407-301E-4EA7-852B-16321159ECFD}.Release|Any CPU.Build.0 = Release|Any CPU
		{DADEE861-AE38-44AE-821D-82E8099CFD81}.Debug|Any CPU.ActiveCfg = Debug|Any CPU
		{DADEE861-AE38-44AE-821D-82E8099CFD81}.Debug|Any CPU.Build.0 = Debug|Any CPU
		{DADEE861-AE38-44AE-821D-82E8099CFD81}.Release|Any CPU.ActiveCfg = Release|Any CPU
		{DADEE861-AE38-44AE-821D-82E8099CFD81}.Release|Any CPU.Build.0 = Release|Any CPU
	EndGlobalSection
	GlobalSection(SolutionProperties) = preSolution
		HideSolutionNode = FALSE
	EndGlobalSection
	GlobalSection(NestedProjects) = preSolution
		{E9C8724E-EE62-48A7-B69C-97DC83A9E7BF} = {AA819664-250B-48E9-8592-21F8A3CA4AE3}
		{20374D28-C351-4410-BA56-722F4E6928A4} = {AA819664-250B-48E9-8592-21F8A3CA4AE3}
	EndGlobalSection
	GlobalSection(CodealikeProperties) = postSolution
		SolutionGuid = 8d40768a-fa4e-4b50-8d36-8fdf0bf731d7
	EndGlobalSection
EndGlobal
